// !$*UTF8*$!
{
	archiveVersion = 1;
	classes = {
	};
	objectVersion = 77;
	objects = {

/* Begin PBXBuildFile section */
		0C1A71582E1FE55E00ABEF95 /* ExpandableView.swift in Sources */ = {isa = PBXBuildFile; fileRef = 0C1A71572E1FE55E00ABEF95 /* ExpandableView.swift */; };
		0C1A715C2E1FEACC00ABEF95 /* BookPreviewView.swift in Sources */ = {isa = PBXBuildFile; fileRef = 0C1A715B2E1FEACC00ABEF95 /* BookPreviewView.swift */; };
		0C1A715E2E1FEB0600ABEF95 /* BookPreviewViewModel.swift in Sources */ = {isa = PBXBuildFile; fileRef = 0C1A715D2E1FEB0600ABEF95 /* BookPreviewViewModel.swift */; };
		0C1A71602E1FFF9D00ABEF95 /* ChipView.swift in Sources */ = {isa = PBXBuildFile; fileRef = 0C1A715F2E1FFF9D00ABEF95 /* ChipView.swift */; };
		0C5D5D362E17071100C8F751 /* ChapterListSheet.swift in Sources */ = {isa = PBXBuildFile; fileRef = 0C5D5D352E17071100C8F751 /* ChapterListSheet.swift */; };
		0C5D5D382E170AAB00C8F751 /* FontSizeSheet.swift in Sources */ = {isa = PBXBuildFile; fileRef = 0C5D5D372E170AAB00C8F751 /* FontSizeSheet.swift */; };
		0C879D0C2E22E3B900862F9B /* BookDetailTopView.swift in Sources */ = {isa = PBXBuildFile; fileRef = 0C879D0B2E22E3B900862F9B /* BookDetailTopView.swift */; };
		0C97F08F2E18789100911414 /* FirebaseAnalytics in Frameworks */ = {isa = PBXBuildFile; productRef = 0C97F08E2E18789100911414 /* FirebaseAnalytics */; };
		0C97F0912E18789100911414 /* FirebaseAnalyticsCore in Frameworks */ = {isa = PBXBuildFile; productRef = 0C97F0902E18789100911414 /* FirebaseAnalyticsCore */; };
		0C97F0932E18789100911414 /* FirebaseAppCheck in Frameworks */ = {isa = PBXBuildFile; productRef = 0C97F0922E18789100911414 /* FirebaseAppCheck */; };
		0C97F0952E18789100911414 /* FirebaseAuth in Frameworks */ = {isa = PBXBuildFile; productRef = 0C97F0942E18789100911414 /* FirebaseAuth */; };
		0C97F0972E18789100911414 /* FirebaseCore in Frameworks */ = {isa = PBXBuildFile; productRef = 0C97F0962E18789100911414 /* FirebaseCore */; };
		0C97F0992E18789100911414 /* FirebaseCrashlytics in Frameworks */ = {isa = PBXBuildFile; productRef = 0C97F0982E18789100911414 /* FirebaseCrashlytics */; };
		0C97F09B2E18789100911414 /* FirebaseDatabase in Frameworks */ = {isa = PBXBuildFile; productRef = 0C97F09A2E18789100911414 /* FirebaseDatabase */; };
		0C97F09D2E18789100911414 /* FirebaseFirestore in Frameworks */ = {isa = PBXBuildFile; productRef = 0C97F09C2E18789100911414 /* FirebaseFirestore */; };
		0C97F09F2E18789100911414 /* FirebaseFunctions in Frameworks */ = {isa = PBXBuildFile; productRef = 0C97F09E2E18789100911414 /* FirebaseFunctions */; };
		0C97F0A12E18789100911414 /* FirebaseRemoteConfig in Frameworks */ = {isa = PBXBuildFile; productRef = 0C97F0A02E18789100911414 /* FirebaseRemoteConfig */; };
		0C97F0A32E18789100911414 /* FirebaseStorage in Frameworks */ = {isa = PBXBuildFile; productRef = 0C97F0A22E18789100911414 /* FirebaseStorage */; };
		0C97F0A62E187B0000911414 /* ReaderViewModel.swift in Sources */ = {isa = PBXBuildFile; fileRef = 0C97F0A52E187B0000911414 /* ReaderViewModel.swift */; };
		0C97F0AA2E19A75E00911414 /* SplashView.swift in Sources */ = {isa = PBXBuildFile; fileRef = 0C97F0A92E19A75E00911414 /* SplashView.swift */; };
		0C97F0AC2E19A80500911414 /* AppDelegate.swift in Sources */ = {isa = PBXBuildFile; fileRef = 0C97F0AB2E19A80500911414 /* AppDelegate.swift */; };
		0CA7D2B72E107D5F00E851E1 /* Preview Assets.xcassets in Resources */ = {isa = PBXBuildFile; fileRef = 0CA7D2B02E107D5F00E851E1 /* Preview Assets.xcassets */; };
		0CA7D2B82E107D5F00E851E1 /* Assets.xcassets in Resources */ = {isa = PBXBuildFile; fileRef = 0CA7D2B22E107D5F00E851E1 /* Assets.xcassets */; };
		0CA7D2B92E107D5F00E851E1 /* ReaderView.swift in Sources */ = {isa = PBXBuildFile; fileRef = 0CA7D2B32E107D5F00E851E1 /* ReaderView.swift */; };
		0CA7D2BA2E107D5F00E851E1 /* NovelStoryApp.swift in Sources */ = {isa = PBXBuildFile; fileRef = 0CA7D2B42E107D5F00E851E1 /* NovelStoryApp.swift */; };
		0CA7D2BB2E107D5F00E851E1 /* TestVC.swift in Sources */ = {isa = PBXBuildFile; fileRef = 0CA7D2B52E107D5F00E851E1 /* TestVC.swift */; };
/* End PBXBuildFile section */

/* Begin PBXFileReference section */
		0C1A71572E1FE55E00ABEF95 /* ExpandableView.swift */ = {isa = PBXFileReference; lastKnownFileType = sourcecode.swift; path = ExpandableView.swift; sourceTree = "<group>"; };
		0C1A715B2E1FEACC00ABEF95 /* BookPreviewView.swift */ = {isa = PBXFileReference; lastKnownFileType = sourcecode.swift; path = BookPreviewView.swift; sourceTree = "<group>"; };
		0C1A715D2E1FEB0600ABEF95 /* BookPreviewViewModel.swift */ = {isa = PBXFileReference; lastKnownFileType = sourcecode.swift; path = BookPreviewViewModel.swift; sourceTree = "<group>"; };
		0C1A715F2E1FFF9D00ABEF95 /* ChipView.swift */ = {isa = PBXFileReference; lastKnownFileType = sourcecode.swift; path = ChipView.swift; sourceTree = "<group>"; };
		0C37125C2E0F280C00F42601 /* NovelStory.app */ = {isa = PBXFileReference; explicitFileType = wrapper.application; includeInIndex = 0; path = NovelStory.app; sourceTree = BUILT_PRODUCTS_DIR; };
		0C5D5D352E17071100C8F751 /* ChapterListSheet.swift */ = {isa = PBXFileReference; lastKnownFileType = sourcecode.swift; path = ChapterListSheet.swift; sourceTree = "<group>"; };
		0C5D5D372E170AAB00C8F751 /* FontSizeSheet.swift */ = {isa = PBXFileReference; lastKnownFileType = sourcecode.swift; path = FontSizeSheet.swift; sourceTree = "<group>"; };
		0C879D0B2E22E3B900862F9B /* BookDetailTopView.swift */ = {isa = PBXFileReference; lastKnownFileType = sourcecode.swift; path = BookDetailTopView.swift; sourceTree = "<group>"; };
		0C97F0A52E187B0000911414 /* ReaderViewModel.swift */ = {isa = PBXFileReference; lastKnownFileType = sourcecode.swift; path = ReaderViewModel.swift; sourceTree = "<group>"; };
		0C97F0A92E19A75E00911414 /* SplashView.swift */ = {isa = PBXFileReference; lastKnownFileType = sourcecode.swift; path = SplashView.swift; sourceTree = "<group>"; };
		0C97F0AB2E19A80500911414 /* AppDelegate.swift */ = {isa = PBXFileReference; lastKnownFileType = sourcecode.swift; path = AppDelegate.swift; sourceTree = "<group>"; };
		0CA7D2B02E107D5F00E851E1 /* Preview Assets.xcassets */ = {isa = PBXFileReference; lastKnownFileType = folder.assetcatalog; path = "Preview Assets.xcassets"; sourceTree = "<group>"; };
		0CA7D2B22E107D5F00E851E1 /* Assets.xcassets */ = {isa = PBXFileReference; lastKnownFileType = folder.assetcatalog; path = Assets.xcassets; sourceTree = "<group>"; };
		0CA7D2B32E107D5F00E851E1 /* ReaderView.swift */ = {isa = PBXFileReference; lastKnownFileType = sourcecode.swift; path = ReaderView.swift; sourceTree = "<group>"; };
		0CA7D2B42E107D5F00E851E1 /* NovelStoryApp.swift */ = {isa = PBXFileReference; lastKnownFileType = sourcecode.swift; path = NovelStoryApp.swift; sourceTree = "<group>"; };
		0CA7D2B52E107D5F00E851E1 /* TestVC.swift */ = {isa = PBXFileReference; lastKnownFileType = sourcecode.swift; path = TestVC.swift; sourceTree = "<group>"; };
/* End PBXFileReference section */

/* Begin PBXFrameworksBuildPhase section */
		0C3712592E0F280C00F42601 /* Frameworks */ = {
			isa = PBXFrameworksBuildPhase;
			buildActionMask = 2147483647;
			files = (
				0C97F08F2E18789100911414 /* FirebaseAnalytics in Frameworks */,
				0C97F0972E18789100911414 /* FirebaseCore in Frameworks */,
				0C97F0932E18789100911414 /* FirebaseAppCheck in Frameworks */,
				0C97F09F2E18789100911414 /* FirebaseFunctions in Frameworks */,
				0C97F0992E18789100911414 /* FirebaseCrashlytics in Frameworks */,
				0C97F0912E18789100911414 /* FirebaseAnalyticsCore in Frameworks */,
				0C97F09D2E18789100911414 /* FirebaseFirestore in Frameworks */,
				0C97F09B2E18789100911414 /* FirebaseDatabase in Frameworks */,
				0C97F0A32E18789100911414 /* FirebaseStorage in Frameworks */,
				0C97F0952E18789100911414 /* FirebaseAuth in Frameworks */,
				0C97F0A12E18789100911414 /* FirebaseRemoteConfig in Frameworks */,
			);
			runOnlyForDeploymentPostprocessing = 0;
		};
/* End PBXFrameworksBuildPhase section */

/* Begin PBXGroup section */
		0C1A71562E1FE55400ABEF95 /* View */ = {
			isa = PBXGroup;
			children = (
				0C1A71572E1FE55E00ABEF95 /* ExpandableView.swift */,
				0C1A715F2E1FFF9D00ABEF95 /* ChipView.swift */,
			);
			path = View;
			sourceTree = "<group>";
		};
		0C1A71592E1FEAA300ABEF95 /* Screens */ = {
			isa = PBXGroup;
			children = (
				0C1A715A2E1FEABF00ABEF95 /* Book Preview */,
				0C97F0A72E19A74800911414 /* Splash */,
				0CA7D2BC2E107D6200E851E1 /* Reader */,
			);
			path = Screens;
			sourceTree = "<group>";
		};
		0C1A715A2E1FEABF00ABEF95 /* Book Preview */ = {
			isa = PBXGroup;
			children = (
				0C879D0A2E22E39D00862F9B /* View */,
				0C1A715B2E1FEACC00ABEF95 /* BookPreviewView.swift */,
				0C1A715D2E1FEB0600ABEF95 /* BookPreviewViewModel.swift */,
			);
			path = "Book Preview";
			sourceTree = "<group>";
		};
		0C3712532E0F280C00F42601 = {
			isa = PBXGroup;
			children = (
				0CA7D2B62E107D5F00E851E1 /* NovelStory */,
				0C37125D2E0F280C00F42601 /* Products */,
			);
			sourceTree = "<group>";
		};
		0C37125D2E0F280C00F42601 /* Products */ = {
			isa = PBXGroup;
			children = (
				0C37125C2E0F280C00F42601 /* NovelStory.app */,
			);
			name = Products;
			sourceTree = "<group>";
		};
		0C879D0A2E22E39D00862F9B /* View */ = {
			isa = PBXGroup;
			children = (
				0C879D0B2E22E3B900862F9B /* BookDetailTopView.swift */,
			);
			path = View;
			sourceTree = "<group>";
		};
		0C97F0A42E187AF500911414 /* ViewModel */ = {
			isa = PBXGroup;
			children = (
				0C97F0A52E187B0000911414 /* ReaderViewModel.swift */,
			);
			path = ViewModel;
			sourceTree = "<group>";
		};
		0C97F0A72E19A74800911414 /* Splash */ = {
			isa = PBXGroup;
			children = (
				0C97F0A82E19A74E00911414 /* View */,
			);
			path = Splash;
			sourceTree = "<group>";
		};
		0C97F0A82E19A74E00911414 /* View */ = {
			isa = PBXGroup;
			children = (
				0C97F0A92E19A75E00911414 /* SplashView.swift */,
			);
			path = View;
			sourceTree = "<group>";
		};
		0CA7D2B12E107D5F00E851E1 /* Preview Content */ = {
			isa = PBXGroup;
			children = (
				0CA7D2B02E107D5F00E851E1 /* Preview Assets.xcassets */,
			);
			path = "Preview Content";
			sourceTree = "<group>";
		};
		0CA7D2B62E107D5F00E851E1 /* NovelStory */ = {
			isa = PBXGroup;
			children = (
				0C1A71592E1FEAA300ABEF95 /* Screens */,
				0C1A71562E1FE55400ABEF95 /* View */,
				0CA7D2B12E107D5F00E851E1 /* Preview Content */,
				0CA7D2B22E107D5F00E851E1 /* Assets.xcassets */,
				0CA7D2B42E107D5F00E851E1 /* NovelStoryApp.swift */,
				0C97F0AB2E19A80500911414 /* AppDelegate.swift */,
			);
			path = NovelStory;
			sourceTree = "<group>";
		};
		0CA7D2BC2E107D6200E851E1 /* Reader */ = {
			isa = PBXGroup;
			children = (
				0C97F0A42E187AF500911414 /* ViewModel */,
				0CA7D2BD2E107D6800E851E1 /* View */,
			);
			path = Reader;
			sourceTree = "<group>";
		};
		0CA7D2BD2E107D6800E851E1 /* View */ = {
			isa = PBXGroup;
			children = (
				0CA7D2B32E107D5F00E851E1 /* ReaderView.swift */,
				0CA7D2B52E107D5F00E851E1 /* TestVC.swift */,
				0C5D5D352E17071100C8F751 /* ChapterListSheet.swift */,
				0C5D5D372E170AAB00C8F751 /* FontSizeSheet.swift */,
			);
			path = View;
			sourceTree = "<group>";
		};
/* End PBXGroup section */

/* Begin PBXNativeTarget section */
		0C37125B2E0F280C00F42601 /* NovelStory */ = {
			isa = PBXNativeTarget;
			buildConfigurationList = 0C37126A2E0F280D00F42601 /* Build configuration list for PBXNativeTarget "NovelStory" */;
			buildPhases = (
				0C3712582E0F280C00F42601 /* Sources */,
				0C3712592E0F280C00F42601 /* Frameworks */,
				0C37125A2E0F280C00F42601 /* Resources */,
			);
			buildRules = (
			);
			dependencies = (
			);
			name = NovelStory;
			packageProductDependencies = (
				0C97F08E2E18789100911414 /* FirebaseAnalytics */,
				0C97F0902E18789100911414 /* FirebaseAnalyticsCore */,
				0C97F0922E18789100911414 /* FirebaseAppCheck */,
				0C97F0942E18789100911414 /* FirebaseAuth */,
				0C97F0962E18789100911414 /* FirebaseCore */,
				0C97F0982E18789100911414 /* FirebaseCrashlytics */,
				0C97F09A2E18789100911414 /* FirebaseDatabase */,
				0C97F09C2E18789100911414 /* FirebaseFirestore */,
				0C97F09E2E18789100911414 /* FirebaseFunctions */,
				0C97F0A02E18789100911414 /* FirebaseRemoteConfig */,
				0C97F0A22E18789100911414 /* FirebaseStorage */,
			);
			productName = NovelStory;
			productReference = 0C37125C2E0F280C00F42601 /* NovelStory.app */;
			productType = "com.apple.product-type.application";
		};
/* End PBXNativeTarget section */

/* Begin PBXProject section */
		0C3712542E0F280C00F42601 /* Project object */ = {
			isa = PBXProject;
			attributes = {
				BuildIndependentTargetsInParallel = 1;
				LastSwiftUpdateCheck = 1600;
				LastUpgradeCheck = 1600;
				TargetAttributes = {
					0C37125B2E0F280C00F42601 = {
						CreatedOnToolsVersion = 16.0;
					};
				};
			};
			buildConfigurationList = 0C3712572E0F280C00F42601 /* Build configuration list for PBXProject "NovelStory" */;
			developmentRegion = en;
			hasScannedForEncodings = 0;
			knownRegions = (
				en,
				Base,
			);
			mainGroup = 0C3712532E0F280C00F42601;
			minimizedProjectReferenceProxies = 1;
			packageReferences = (
				0C97F08D2E18789100911414 /* XCRemoteSwiftPackageReference "firebase-ios-sdk" */,
			);
			preferredProjectObjectVersion = 77;
			productRefGroup = 0C37125D2E0F280C00F42601 /* Products */;
			projectDirPath = "";
			projectRoot = "";
			targets = (
				0C37125B2E0F280C00F42601 /* NovelStory */,
			);
		};
/* End PBXProject section */

/* Begin PBXResourcesBuildPhase section */
		0C37125A2E0F280C00F42601 /* Resources */ = {
			isa = PBXResourcesBuildPhase;
			buildActionMask = 2147483647;
			files = (
				0CA7D2B72E107D5F00E851E1 /* Preview Assets.xcassets in Resources */,
				0CA7D2B82E107D5F00E851E1 /* Assets.xcassets in Resources */,
			);
			runOnlyForDeploymentPostprocessing = 0;
		};
/* End PBXResourcesBuildPhase section */

/* Begin PBXSourcesBuildPhase section */
		0C3712582E0F280C00F42601 /* Sources */ = {
			isa = PBXSourcesBuildPhase;
			buildActionMask = 2147483647;
			files = (
				0C1A715C2E1FEACC00ABEF95 /* BookPreviewView.swift in Sources */,
				0C97F0AC2E19A80500911414 /* AppDelegate.swift in Sources */,
				0CA7D2B92E107D5F00E851E1 /* ReaderView.swift in Sources */,
				0C5D5D362E17071100C8F751 /* ChapterListSheet.swift in Sources */,
				0CA7D2BA2E107D5F00E851E1 /* NovelStoryApp.swift in Sources */,
				0C879D0C2E22E3B900862F9B /* BookDetailTopView.swift in Sources */,
				0C1A71582E1FE55E00ABEF95 /* ExpandableView.swift in Sources */,
				0C1A715E2E1FEB0600ABEF95 /* BookPreviewViewModel.swift in Sources */,
				0C5D5D382E170AAB00C8F751 /* FontSizeSheet.swift in Sources */,
				0C1A71602E1FFF9D00ABEF95 /* ChipView.swift in Sources */,
				0CA7D2BB2E107D5F00E851E1 /* TestVC.swift in Sources */,
				0C97F0A62E187B0000911414 /* ReaderViewModel.swift in Sources */,
				0C97F0AA2E19A75E00911414 /* SplashView.swift in Sources */,
			);
			runOnlyForDeploymentPostprocessing = 0;
		};
/* End PBXSourcesBuildPhase section */

/* Begin XCBuildConfiguration section */
		0C3712682E0F280D00F42601 /* Debug */ = {
			isa = XCBuildConfiguration;
			buildSettings = {
				ALWAYS_SEARCH_USER_PATHS = NO;
				ASSETCATALOG_COMPILER_GENERATE_SWIFT_ASSET_SYMBOL_EXTENSIONS = YES;
				CLANG_ANALYZER_NONNULL = YES;
				CLANG_ANALYZER_NUMBER_OBJECT_CONVERSION = YES_AGGRESSIVE;
				CLANG_CXX_LANGUAGE_STANDARD = "gnu++20";
				CLANG_ENABLE_MODULES = YES;
				CLANG_ENABLE_OBJC_ARC = YES;
				CLANG_ENABLE_OBJC_WEAK = YES;
				CLANG_WARN_BLOCK_CAPTURE_AUTORELEASING = YES;
				CLANG_WARN_BOOL_CONVERSION = YES;
				CLANG_WARN_COMMA = YES;
				CLANG_WARN_CONSTANT_CONVERSION = YES;
				CLANG_WARN_DEPRECATED_OBJC_IMPLEMENTATIONS = YES;
				CLANG_WARN_DIRECT_OBJC_ISA_USAGE = YES_ERROR;
				CLANG_WARN_DOCUMENTATION_COMMENTS = YES;
				CLANG_WARN_EMPTY_BODY = YES;
				CLANG_WARN_ENUM_CONVERSION = YES;
				CLANG_WARN_INFINITE_RECURSION = YES;
				CLANG_WARN_INT_CONVERSION = YES;
				CLANG_WARN_NON_LITERAL_NULL_CONVERSION = YES;
				CLANG_WARN_OBJC_IMPLICIT_RETAIN_SELF = YES;
				CLANG_WARN_OBJC_LITERAL_CONVERSION = YES;
				CLANG_WARN_OBJC_ROOT_CLASS = YES_ERROR;
				CLANG_WARN_QUOTED_INCLUDE_IN_FRAMEWORK_HEADER = YES;
				CLANG_WARN_RANGE_LOOP_ANALYSIS = YES;
				CLANG_WARN_STRICT_PROTOTYPES = YES;
				CLANG_WARN_SUSPICIOUS_MOVE = YES;
				CLANG_WARN_UNGUARDED_AVAILABILITY = YES_AGGRESSIVE;
				CLANG_WARN_UNREACHABLE_CODE = YES;
				CLANG_WARN__DUPLICATE_METHOD_MATCH = YES;
				COPY_PHASE_STRIP = NO;
				DEBUG_INFORMATION_FORMAT = dwarf;
				ENABLE_STRICT_OBJC_MSGSEND = YES;
				ENABLE_TESTABILITY = YES;
				ENABLE_USER_SCRIPT_SANDBOXING = YES;
				GCC_C_LANGUAGE_STANDARD = gnu17;
				GCC_DYNAMIC_NO_PIC = NO;
				GCC_NO_COMMON_BLOCKS = YES;
				GCC_OPTIMIZATION_LEVEL = 0;
				GCC_PREPROCESSOR_DEFINITIONS = (
					"DEBUG=1",
					"$(inherited)",
				);
				GCC_WARN_64_TO_32_BIT_CONVERSION = YES;
				GCC_WARN_ABOUT_RETURN_TYPE = YES_ERROR;
				GCC_WARN_UNDECLARED_SELECTOR = YES;
				GCC_WARN_UNINITIALIZED_AUTOS = YES_AGGRESSIVE;
				GCC_WARN_UNUSED_FUNCTION = YES;
				GCC_WARN_UNUSED_VARIABLE = YES;
				IPHONEOS_DEPLOYMENT_TARGET = 18.0;
				LOCALIZATION_PREFERS_STRING_CATALOGS = YES;
				MTL_ENABLE_DEBUG_INFO = INCLUDE_SOURCE;
				MTL_FAST_MATH = YES;
				ONLY_ACTIVE_ARCH = YES;
				SDKROOT = iphoneos;
				SWIFT_ACTIVE_COMPILATION_CONDITIONS = "DEBUG $(inherited)";
				SWIFT_OPTIMIZATION_LEVEL = "-Onone";
			};
			name = Debug;
		};
		0C3712692E0F280D00F42601 /* Release */ = {
			isa = XCBuildConfiguration;
			buildSettings = {
				ALWAYS_SEARCH_USER_PATHS = NO;
				ASSETCATALOG_COMPILER_GENERATE_SWIFT_ASSET_SYMBOL_EXTENSIONS = YES;
				CLANG_ANALYZER_NONNULL = YES;
				CLANG_ANALYZER_NUMBER_OBJECT_CONVERSION = YES_AGGRESSIVE;
				CLANG_CXX_LANGUAGE_STANDARD = "gnu++20";
				CLANG_ENABLE_MODULES = YES;
				CLANG_ENABLE_OBJC_ARC = YES;
				CLANG_ENABLE_OBJC_WEAK = YES;
				CLANG_WARN_BLOCK_CAPTURE_AUTORELEASING = YES;
				CLANG_WARN_BOOL_CONVERSION = YES;
				CLANG_WARN_COMMA = YES;
				CLANG_WARN_CONSTANT_CONVERSION = YES;
				CLANG_WARN_DEPRECATED_OBJC_IMPLEMENTATIONS = YES;
				CLANG_WARN_DIRECT_OBJC_ISA_USAGE = YES_ERROR;
				CLANG_WARN_DOCUMENTATION_COMMENTS = YES;
				CLANG_WARN_EMPTY_BODY = YES;
				CLANG_WARN_ENUM_CONVERSION = YES;
				CLANG_WARN_INFINITE_RECURSION = YES;
				CLANG_WARN_INT_CONVERSION = YES;
				CLANG_WARN_NON_LITERAL_NULL_CONVERSION = YES;
				CLANG_WARN_OBJC_IMPLICIT_RETAIN_SELF = YES;
				CLANG_WARN_OBJC_LITERAL_CONVERSION = YES;
				CLANG_WARN_OBJC_ROOT_CLASS = YES_ERROR;
				CLANG_WARN_QUOTED_INCLUDE_IN_FRAMEWORK_HEADER = YES;
				CLANG_WARN_RANGE_LOOP_ANALYSIS = YES;
				CLANG_WARN_STRICT_PROTOTYPES = YES;
				CLANG_WARN_SUSPICIOUS_MOVE = YES;
				CLANG_WARN_UNGUARDED_AVAILABILITY = YES_AGGRESSIVE;
				CLANG_WARN_UNREACHABLE_CODE = YES;
				CLANG_WARN__DUPLICATE_METHOD_MATCH = YES;
				COPY_PHASE_STRIP = NO;
				DEBUG_INFORMATION_FORMAT = "dwarf-with-dsym";
				ENABLE_NS_ASSERTIONS = NO;
				ENABLE_STRICT_OBJC_MSGSEND = YES;
				ENABLE_USER_SCRIPT_SANDBOXING = YES;
				GCC_C_LANGUAGE_STANDARD = gnu17;
				GCC_NO_COMMON_BLOCKS = YES;
				GCC_WARN_64_TO_32_BIT_CONVERSION = YES;
				GCC_WARN_ABOUT_RETURN_TYPE = YES_ERROR;
				GCC_WARN_UNDECLARED_SELECTOR = YES;
				GCC_WARN_UNINITIALIZED_AUTOS = YES_AGGRESSIVE;
				GCC_WARN_UNUSED_FUNCTION = YES;
				GCC_WARN_UNUSED_VARIABLE = YES;
				IPHONEOS_DEPLOYMENT_TARGET = 18.0;
				LOCALIZATION_PREFERS_STRING_CATALOGS = YES;
				MTL_ENABLE_DEBUG_INFO = NO;
				MTL_FAST_MATH = YES;
				SDKROOT = iphoneos;
				SWIFT_COMPILATION_MODE = wholemodule;
				VALIDATE_PRODUCT = YES;
			};
			name = Release;
		};
		0C37126B2E0F280D00F42601 /* Debug */ = {
			isa = XCBuildConfiguration;
			buildSettings = {
				ASSETCATALOG_COMPILER_APPICON_NAME = AppIcon;
				ASSETCATALOG_COMPILER_GLOBAL_ACCENT_COLOR_NAME = AccentColor;
				CODE_SIGN_STYLE = Automatic;
				CURRENT_PROJECT_VERSION = 1;
				DEVELOPMENT_ASSET_PATHS = "\"NovelStory/Preview Content\"";
				DEVELOPMENT_TEAM = BLD2PJU7J8;
				ENABLE_PREVIEWS = YES;
				GENERATE_INFOPLIST_FILE = YES;
				INFOPLIST_KEY_UIApplicationSceneManifest_Generation = YES;
				INFOPLIST_KEY_UIApplicationSupportsIndirectInputEvents = YES;
				INFOPLIST_KEY_UILaunchScreen_Generation = YES;
				INFOPLIST_KEY_UISupportedInterfaceOrientations_iPad = "UIInterfaceOrientationPortrait UIInterfaceOrientationPortraitUpsideDown UIInterfaceOrientationLandscapeLeft UIInterfaceOrientationLandscapeRight";
				INFOPLIST_KEY_UISupportedInterfaceOrientations_iPhone = "UIInterfaceOrientationPortrait UIInterfaceOrientationLandscapeLeft UIInterfaceOrientationLandscapeRight";
				LD_RUNPATH_SEARCH_PATHS = (
					"$(inherited)",
					"@executable_path/Frameworks",
				);
				MARKETING_VERSION = 1.0;
				PRODUCT_BUNDLE_IDENTIFIER = butfirstapps.novelstory;
				PRODUCT_NAME = "$(TARGET_NAME)";
				SWIFT_EMIT_LOC_STRINGS = YES;
				SWIFT_VERSION = 5.0;
				TARGETED_DEVICE_FAMILY = "1,2";
			};
			name = Debug;
		};
		0C37126C2E0F280D00F42601 /* Release */ = {
			isa = XCBuildConfiguration;
			buildSettings = {
				ASSETCATALOG_COMPILER_APPICON_NAME = AppIcon;
				ASSETCATALOG_COMPILER_GLOBAL_ACCENT_COLOR_NAME = AccentColor;
				CODE_SIGN_STYLE = Automatic;
				CURRENT_PROJECT_VERSION = 1;
				DEVELOPMENT_ASSET_PATHS = "\"NovelStory/Preview Content\"";
				DEVELOPMENT_TEAM = BLD2PJU7J8;
				ENABLE_PREVIEWS = YES;
				GENERATE_INFOPLIST_FILE = YES;
				INFOPLIST_KEY_UIApplicationSceneManifest_Generation = YES;
				INFOPLIST_KEY_UIApplicationSupportsIndirectInputEvents = YES;
				INFOPLIST_KEY_UILaunchScreen_Generation = YES;
				INFOPLIST_KEY_UISupportedInterfaceOrientations_iPad = "UIInterfaceOrientationPortrait UIInterfaceOrientationPortraitUpsideDown UIInterfaceOrientationLandscapeLeft UIInterfaceOrientationLandscapeRight";
				INFOPLIST_KEY_UISupportedInterfaceOrientations_iPhone = "UIInterfaceOrientationPortrait UIInterfaceOrientationLandscapeLeft UIInterfaceOrientationLandscapeRight";
				LD_RUNPATH_SEARCH_PATHS = (
					"$(inherited)",
					"@executable_path/Frameworks",
				);
				MARKETING_VERSION = 1.0;
				PRODUCT_BUNDLE_IDENTIFIER = butfirstapps.novelstory;
				PRODUCT_NAME = "$(TARGET_NAME)";
				SWIFT_EMIT_LOC_STRINGS = YES;
				SWIFT_VERSION = 5.0;
				TARGETED_DEVICE_FAMILY = "1,2";
			};
			name = Release;
		};
/* End XCBuildConfiguration section */

/* Begin XCConfigurationList section */
		0C3712572E0F280C00F42601 /* Build configuration list for PBXProject "NovelStory" */ = {
			isa = XCConfigurationList;
			buildConfigurations = (
				0C3712682E0F280D00F42601 /* Debug */,
				0C3712692E0F280D00F42601 /* Release */,
			);
			defaultConfigurationIsVisible = 0;
			defaultConfigurationName = Release;
		};
		0C37126A2E0F280D00F42601 /* Build configuration list for PBXNativeTarget "NovelStory" */ = {
			isa = XCConfigurationList;
			buildConfigurations = (
				0C37126B2E0F280D00F42601 /* Debug */,
				0C37126C2E0F280D00F42601 /* Release */,
			);
			defaultConfigurationIsVisible = 0;
			defaultConfigurationName = Release;
		};
/* End XCConfigurationList section */

/* Begin XCRemoteSwiftPackageReference section */
		0C97F08D2E18789100911414 /* XCRemoteSwiftPackageReference "firebase-ios-sdk" */ = {
			isa = XCRemoteSwiftPackageReference;
			repositoryURL = "https://github.com/firebase/firebase-ios-sdk.git";
			requirement = {
				kind = upToNextMajorVersion;
				minimumVersion = 11.15.0;
			};
		};
/* End XCRemoteSwiftPackageReference section */

/* Begin XCSwiftPackageProductDependency section */
		0C97F08E2E18789100911414 /* FirebaseAnalytics */ = {
			isa = XCSwiftPackageProductDependency;
			package = 0C97F08D2E18789100911414 /* XCRemoteSwiftPackageReference "firebase-ios-sdk" */;
			productName = FirebaseAnalytics;
		};
		0C97F0902E18789100911414 /* FirebaseAnalyticsCore */ = {
			isa = XCSwiftPackageProductDependency;
			package = 0C97F08D2E18789100911414 /* XCRemoteSwiftPackageReference "firebase-ios-sdk" */;
			productName = FirebaseAnalyticsCore;
		};
		0C97F0922E18789100911414 /* FirebaseAppCheck */ = {
			isa = XCSwiftPackageProductDependency;
			package = 0C97F08D2E18789100911414 /* XCRemoteSwiftPackageReference "firebase-ios-sdk" */;
			productName = FirebaseAppCheck;
		};
		0C97F0942E18789100911414 /* FirebaseAuth */ = {
			isa = XCSwiftPackageProductDependency;
			package = 0C97F08D2E18789100911414 /* XCRemoteSwiftPackageReference "firebase-ios-sdk" */;
			productName = FirebaseAuth;
		};
		0C97F0962E18789100911414 /* FirebaseCore */ = {
			isa = XCSwiftPackageProductDependency;
			package = 0C97F08D2E18789100911414 /* XCRemoteSwiftPackageReference "firebase-ios-sdk" */;
			productName = FirebaseCore;
		};
		0C97F0982E18789100911414 /* FirebaseCrashlytics */ = {
			isa = XCSwiftPackageProductDependency;
			package = 0C97F08D2E18789100911414 /* XCRemoteSwiftPackageReference "firebase-ios-sdk" */;
			productName = FirebaseCrashlytics;
		};
		0C97F09A2E18789100911414 /* FirebaseDatabase */ = {
			isa = XCSwiftPackageProductDependency;
			package = 0C97F08D2E18789100911414 /* XCRemoteSwiftPackageReference "firebase-ios-sdk" */;
			productName = FirebaseDatabase;
		};
		0C97F09C2E18789100911414 /* FirebaseFirestore */ = {
			isa = XCSwiftPackageProductDependency;
			package = 0C97F08D2E18789100911414 /* XCRemoteSwiftPackageReference "firebase-ios-sdk" */;
			productName = FirebaseFirestore;
		};
		0C97F09E2E18789100911414 /* FirebaseFunctions */ = {
			isa = XCSwiftPackageProductDependency;
			package = 0C97F08D2E18789100911414 /* XCRemoteSwiftPackageReference "firebase-ios-sdk" */;
			productName = FirebaseFunctions;
		};
		0C97F0A02E18789100911414 /* FirebaseRemoteConfig */ = {
			isa = XCSwiftPackageProductDependency;
			package = 0C97F08D2E18789100911414 /* XCRemoteSwiftPackageReference "firebase-ios-sdk" */;
			productName = FirebaseRemoteConfig;
		};
		0C97F0A22E18789100911414 /* FirebaseStorage */ = {
			isa = XCSwiftPackageProductDependency;
			package = 0C97F08D2E18789100911414 /* XCRemoteSwiftPackageReference "firebase-ios-sdk" */;
			productName = FirebaseStorage;
		};
/* End XCSwiftPackageProductDependency section */
	};
	rootObject = 0C3712542E0F280C00F42601 /* Project object */;
}
